
Microsoft Visual Studio Solution File, Format Version 12.00
# Visual Studio Version 17
VisualStudioVersion = 17.11.35327.3
MinimumVisualStudioVersion = 10.0.40219.1
Project("{2150E333-8FDC-42A3-9474-1A3956D46DE8}") = "ToDo", "ToDo", "{925E8C10-D098-4042-A843-A1D9E4F8ED8F}"
EndProject
Project("{FAE04EC0-301F-11D3-BF4B-00C04F79EFBC}") = "ToDo.API", "src\ToDo.API\ToDo.API.csproj", "{060F614D-CB91-483E-8673-859E70364804}"
EndProject
Project("{FAE04EC0-301F-11D3-BF4B-00C04F79EFBC}") = "ToDo.Application", "src\ToDo.Application\ToDo.Application.csproj", "{40EC4C4A-9C51-49F2-AB50-E0BBAA48FD23}"
EndProject
Global
	GlobalSection(SolutionConfigurationPlatforms) = preSolution
		Debug|Any CPU = Debug|Any CPU
		Release|Any CPU = Release|Any CPU
	EndGlobalSection
	GlobalSection(ProjectConfigurationPlatforms) = postSolution
		{060F614D-CB91-483E-8673-859E70364804}.Debug|Any CPU.ActiveCfg = Debug|Any CPU
		{060F614D-CB91-483E-8673-859E70364804}.Debug|Any CPU.Build.0 = Debug|Any CPU
		{060F614D-CB91-483E-8673-859E70364804}.Release|Any CPU.ActiveCfg = Release|Any CPU
		{060F614D-CB91-483E-8673-859E70364804}.Release|Any CPU.Build.0 = Release|Any CPU
		{40EC4C4A-9C51-49F2-AB50-E0BBAA48FD23}.Debug|Any CPU.ActiveCfg = Debug|Any CPU
		{40EC4C4A-9C51-49F2-AB50-E0BBAA48FD23}.Debug|Any CPU.Build.0 = Debug|Any CPU
		{40EC4C4A-9C51-49F2-AB50-E0BBAA48FD23}.Release|Any CPU.ActiveCfg = Release|Any CPU
		{40EC4C4A-9C51-49F2-AB50-E0BBAA48FD23}.Release|Any CPU.Build.0 = Release|Any CPU
	EndGlobalSection
	GlobalSection(SolutionProperties) = preSolution
		HideSolutionNode = FALSE
	EndGlobalSection
	GlobalSection(NestedProjects) = preSolution
		{060F614D-CB91-483E-8673-859E70364804} = {925E8C10-D098-4042-A843-A1D9E4F8ED8F}
		{40EC4C4A-9C51-49F2-AB50-E0BBAA48FD23} = {925E8C10-D098-4042-A843-A1D9E4F8ED8F}
	EndGlobalSection
	GlobalSection(ExtensibilityGlobals) = postSolution
		SolutionGuid = {466B2E15-FAF6-442B-B55F-9F82B141BAA6}
	EndGlobalSection
EndGlobal
